{
  "nodes": {
    "flake-utils": {
      "inputs": {
        "systems": "systems"
      },
      "locked": {
        "lastModified": 1731533236,
        "narHash": "sha256-l0KFg5HjrsfsO/JpG+r7fRrqm12kzFHyUHqHCVpMMbI=",
        "owner": "numtide",
        "repo": "flake-utils",
        "rev": "11707dc2f618dd54ca8739b309ec4fc024de578b",
        "type": "github"
      },
      "original": {
        "owner": "numtide",
        "repo": "flake-utils",
        "type": "github"
      }
    },
    "home-manager": {
      "inputs": {
        "nixpkgs": [
          "nixpkgs"
        ]
      },
      "locked": {
        "lastModified": 1733085484,
        "narHash": "sha256-dVmNuUajnU18oHzBQWZm1BQtANCHaqNuxTHZQ+GN0r8=",
        "owner": "nix-community",
        "repo": "home-manager",
        "rev": "c1fee8d4a60b89cae12b288ba9dbc608ff298163",
        "type": "github"
      },
      "original": {
        "owner": "nix-community",
        "repo": "home-manager",
        "type": "github"
      }
    },
    "nil-language-server": {
      "inputs": {
        "flake-utils": [
          "flake-utils"
        ],
        "nixpkgs": [
          "nixpkgs"
        ],
        "rust-overlay": "rust-overlay"
      },
      "locked": {
        "lastModified": 1732053863,
        "narHash": "sha256-DCIVdlb81Fct2uwzbtnawLBC/U03U2hqx8trqTJB7WA=",
        "owner": "oxalica",
        "repo": "nil",
        "rev": "2e24c9834e3bb5aa2a3701d3713b43a6fb106362",
        "type": "github"
      },
      "original": {
        "owner": "oxalica",
        "repo": "nil",
        "type": "github"
      }
    },
    "nixpkgs": {
      "locked": {
        "lastModified": 1733064805,
        "narHash": "sha256-7NbtSLfZO0q7MXPl5hzA0sbVJt6pWxxtGWbaVUDDmjs=",
        "owner": "nixos",
        "repo": "nixpkgs",
        "rev": "31d66ae40417bb13765b0ad75dd200400e98de84",
        "type": "github"
      },
      "original": {
        "owner": "nixos",
        "ref": "nixpkgs-unstable",
        "repo": "nixpkgs",
        "type": "github"
      }
    },
    "nixpkgsForNixOS": {
      "locked": {
        "lastModified": 1732837521,
        "narHash": "sha256-jNRNr49UiuIwaarqijgdTR2qLPifxsVhlJrKzQ8XUIE=",
        "owner": "nixos",
        "repo": "nixpkgs",
        "rev": "970e93b9f82e2a0f3675757eb0bfc73297cc6370",
        "type": "github"
      },
      "original": {
        "owner": "nixos",
        "ref": "nixos-unstable",
        "repo": "nixpkgs",
        "type": "github"
      }
    },
    "root": {
      "inputs": {
        "flake-utils": "flake-utils",
        "home-manager": "home-manager",
        "nil-language-server": "nil-language-server",
        "nixpkgs": "nixpkgs",
        "nixpkgsForNixOS": "nixpkgsForNixOS",
        "sops-nix": "sops-nix"
      }
    },
    "rust-overlay": {
      "inputs": {
        "nixpkgs": [
          "nil-language-server",
          "nixpkgs"
        ]
      },
      "locked": {
        "lastModified": 1731983527,
        "narHash": "sha256-JECaBgC0pQ91Hq3W4unH6K9to8s2Zl2sPNu7bLOv4ek=",
        "owner": "oxalica",
        "repo": "rust-overlay",
        "rev": "71287228d96e9568e1e70c6bbfa3f992d145947b",
        "type": "github"
      },
      "original": {
        "owner": "oxalica",
        "repo": "rust-overlay",
        "type": "github"
      }
    },
    "sops-nix": {
      "inputs": {
        "nixpkgs": [
          "nixpkgs"
        ]
      },
      "locked": {
        "lastModified": 1732575825,
        "narHash": "sha256-xtt95+c7OUMoqZf4OvA/7AemiH3aVuWHQbErYQoPwFk=",
        "owner": "Mic92",
        "repo": "sops-nix",
        "rev": "3433ea14fbd9e6671d0ff0dd45ed15ee4c156ffa",
        "type": "github"
      },
      "original": {
        "owner": "Mic92",
        "repo": "sops-nix",
        "type": "github"
      }
    },
    "systems": {
      "locked": {
        "lastModified": 1681028828,
        "narHash": "sha256-Vy1rq5AaRuLzOxct8nz4T6wlgyUR7zLU309k9mBC768=",
        "owner": "nix-systems",
        "repo": "default",
        "rev": "da67096a3b9bf56a91d16901293e51ba5b49a27e",
        "type": "github"
      },
      "original": {
        "owner": "nix-systems",
        "repo": "default",
        "type": "github"
      }
    }
  },
  "root": "root",
  "version": 7
}
